
Microsoft Visual Studio Solution File, Format Version 12.00
# Visual Studio Version 16
VisualStudioVersion = 25.0.1704.2
MinimumVisualStudioVersion = 10.0.40219.1
Project("{FAE04EC0-301F-11D3-BF4B-00C04F79EFBC}") = "GussianFormula", "GussianFormula\GussianFormula.csproj", "{0A4EA98C-3351-42FC-82C9-F3FCF598E9EE}"
EndProject
Global
	GlobalSection(SolutionConfigurationPlatforms) = preSolution
		Debug|Any CPU = Debug|Any CPU
		Release|Any CPU = Release|Any CPU
	EndGlobalSection
	GlobalSection(ProjectConfigurationPlatforms) = postSolution
		{0A4EA98C-3351-42FC-82C9-F3FCF598E9EE}.Debug|Any CPU.ActiveCfg = Debug|Any CPU
		{0A4EA98C-3351-42FC-82C9-F3FCF598E9EE}.Debug|Any CPU.Build.0 = Debug|Any CPU
		{0A4EA98C-3351-42FC-82C9-F3FCF598E9EE}.Release|Any CPU.ActiveCfg = Release|Any CPU
		{0A4EA98C-3351-42FC-82C9-F3FCF598E9EE}.Release|Any CPU.Build.0 = Release|Any CPU
	EndGlobalSection
	GlobalSection(SolutionProperties) = preSolution
		HideSolutionNode = FALSE
	EndGlobalSection
	GlobalSection(ExtensibilityGlobals) = postSolution
		SolutionGuid = {4A9DE972-51E2-4550-AB14-C3D0B50C7FD5}
	EndGlobalSection
EndGlobal
